// !$*UTF8*$!
{
	archiveVersion = 1;
	classes = {
	};
	objectVersion = 50;
	objects = {

/* Begin PBXBuildFile section */
		A007EB512C7592E100B8DF82 /* AppDelegate.swift in Sources */ = {isa = PBXBuildFile; fileRef = A007EB502C7592E100B8DF82 /* AppDelegate.swift */; };
		A007EB532C7592E100B8DF82 /* ViewController.swift in Sources */ = {isa = PBXBuildFile; fileRef = A007EB522C7592E100B8DF82 /* ViewController.swift */; };
		A007EB562C7592E100B8DF82 /* Main.storyboard in Resources */ = {isa = PBXBuildFile; fileRef = A007EB542C7592E100B8DF82 /* Main.storyboard */; };
		A007EB582C7592E300B8DF82 /* Assets.xcassets in Resources */ = {isa = PBXBuildFile; fileRef = A007EB572C7592E300B8DF82 /* Assets.xcassets */; };
		A007EB5B2C7592E300B8DF82 /* LaunchScreen.storyboard in Resources */ = {isa = PBXBuildFile; fileRef = A007EB592C7592E300B8DF82 /* LaunchScreen.storyboard */; };
		A007EB662C7592E300B8DF82 /* MiPersonajeDGZTests.swift in Sources */ = {isa = PBXBuildFile; fileRef = A007EB652C7592E300B8DF82 /* MiPersonajeDGZTests.swift */; };
		A007EB712C7592E300B8DF82 /* MiPersonajeDGZUITests.swift in Sources */ = {isa = PBXBuildFile; fileRef = A007EB702C7592E300B8DF82 /* MiPersonajeDGZUITests.swift */; };
/* End PBXBuildFile section */

/* Begin PBXContainerItemProxy section */
		A007EB622C7592E300B8DF82 /* PBXContainerItemProxy */ = {
			isa = PBXContainerItemProxy;
			containerPortal = A007EB452C7592E100B8DF82 /* Project object */;
			proxyType = 1;
			remoteGlobalIDString = A007EB4C2C7592E100B8DF82;
			remoteInfo = MiPersonajeDGZ;
		};
		A007EB6D2C7592E300B8DF82 /* PBXContainerItemProxy */ = {
			isa = PBXContainerItemProxy;
			containerPortal = A007EB452C7592E100B8DF82 /* Project object */;
			proxyType = 1;
			remoteGlobalIDString = A007EB4C2C7592E100B8DF82;
			remoteInfo = MiPersonajeDGZ;
		};
/* End PBXContainerItemProxy section */

/* Begin PBXFileReference section */
		A007EB4D2C7592E100B8DF82 /* MiPersonajeDGZ.app */ = {isa = PBXFileReference; explicitFileType = wrapper.application; includeInIndex = 0; path = MiPersonajeDGZ.app; sourceTree = BUILT_PRODUCTS_DIR; };
		A007EB502C7592E100B8DF82 /* AppDelegate.swift */ = {isa = PBXFileReference; lastKnownFileType = sourcecode.swift; path = AppDelegate.swift; sourceTree = "<group>"; };
		A007EB522C7592E100B8DF82 /* ViewController.swift */ = {isa = PBXFileReference; lastKnownFileType = sourcecode.swift; path = ViewController.swift; sourceTree = "<group>"; };
		A007EB552C7592E100B8DF82 /* Base */ = {isa = PBXFileReference; lastKnownFileType = file.storyboard; name = Base; path = Base.lproj/Main.storyboard; sourceTree = "<group>"; };
		A007EB572C7592E300B8DF82 /* Assets.xcassets */ = {isa = PBXFileReference; lastKnownFileType = folder.assetcatalog; path = Assets.xcassets; sourceTree = "<group>"; };
		A007EB5A2C7592E300B8DF82 /* Base */ = {isa = PBXFileReference; lastKnownFileType = file.storyboard; name = Base; path = Base.lproj/LaunchScreen.storyboard; sourceTree = "<group>"; };
		A007EB5C2C7592E300B8DF82 /* Info.plist */ = {isa = PBXFileReference; lastKnownFileType = text.plist.xml; path = Info.plist; sourceTree = "<group>"; };
		A007EB612C7592E300B8DF82 /* MiPersonajeDGZTests.xctest */ = {isa = PBXFileReference; explicitFileType = wrapper.cfbundle; includeInIndex = 0; path = MiPersonajeDGZTests.xctest; sourceTree = BUILT_PRODUCTS_DIR; };
		A007EB652C7592E300B8DF82 /* MiPersonajeDGZTests.swift */ = {isa = PBXFileReference; lastKnownFileType = sourcecode.swift; path = MiPersonajeDGZTests.swift; sourceTree = "<group>"; };
		A007EB672C7592E300B8DF82 /* Info.plist */ = {isa = PBXFileReference; lastKnownFileType = text.plist.xml; path = Info.plist; sourceTree = "<group>"; };
		A007EB6C2C7592E300B8DF82 /* MiPersonajeDGZUITests.xctest */ = {isa = PBXFileReference; explicitFileType = wrapper.cfbundle; includeInIndex = 0; path = MiPersonajeDGZUITests.xctest; sourceTree = BUILT_PRODUCTS_DIR; };
		A007EB702C7592E300B8DF82 /* MiPersonajeDGZUITests.swift */ = {isa = PBXFileReference; lastKnownFileType = sourcecode.swift; path = MiPersonajeDGZUITests.swift; sourceTree = "<group>"; };
		A007EB722C7592E300B8DF82 /* Info.plist */ = {isa = PBXFileReference; lastKnownFileType = text.plist.xml; path = Info.plist; sourceTree = "<group>"; };
/* End PBXFileReference section */

/* Begin PBXFrameworksBuildPhase section */
		A007EB4A2C7592E100B8DF82 /* Frameworks */ = {
			isa = PBXFrameworksBuildPhase;
			buildActionMask = 2147483647;
			files = (
			);
			runOnlyForDeploymentPostprocessing = 0;
		};
		A007EB5E2C7592E300B8DF82 /* Frameworks */ = {
			isa = PBXFrameworksBuildPhase;
			buildActionMask = 2147483647;
			files = (
			);
			runOnlyForDeploymentPostprocessing = 0;
		};
		A007EB692C7592E300B8DF82 /* Frameworks */ = {
			isa = PBXFrameworksBuildPhase;
			buildActionMask = 2147483647;
			files = (
			);
			runOnlyForDeploymentPostprocessing = 0;
		};
/* End PBXFrameworksBuildPhase section */

/* Begin PBXGroup section */
		A007EB442C7592E100B8DF82 = {
			isa = PBXGroup;
			children = (
				A007EB4F2C7592E100B8DF82 /* MiPersonajeDGZ */,
				A007EB642C7592E300B8DF82 /* MiPersonajeDGZTests */,
				A007EB6F2C7592E300B8DF82 /* MiPersonajeDGZUITests */,
				A007EB4E2C7592E100B8DF82 /* Products */,
			);
			sourceTree = "<group>";
		};
		A007EB4E2C7592E100B8DF82 /* Products */ = {
			isa = PBXGroup;
			children = (
				A007EB4D2C7592E100B8DF82 /* MiPersonajeDGZ.app */,
				A007EB612C7592E300B8DF82 /* MiPersonajeDGZTests.xctest */,
				A007EB6C2C7592E300B8DF82 /* MiPersonajeDGZUITests.xctest */,
			);
			name = Products;
			sourceTree = "<group>";
		};
		A007EB4F2C7592E100B8DF82 /* MiPersonajeDGZ */ = {
			isa = PBXGroup;
			children = (
				A007EB502C7592E100B8DF82 /* AppDelegate.swift */,
				A007EB522C7592E100B8DF82 /* ViewController.swift */,
				A007EB542C7592E100B8DF82 /* Main.storyboard */,
				A007EB572C7592E300B8DF82 /* Assets.xcassets */,
				A007EB592C7592E300B8DF82 /* LaunchScreen.storyboard */,
				A007EB5C2C7592E300B8DF82 /* Info.plist */,
			);
			path = MiPersonajeDGZ;
			sourceTree = "<group>";
		};
		A007EB642C7592E300B8DF82 /* MiPersonajeDGZTests */ = {
			isa = PBXGroup;
			children = (
				A007EB652C7592E300B8DF82 /* MiPersonajeDGZTests.swift */,
				A007EB672C7592E300B8DF82 /* Info.plist */,
			);
			path = MiPersonajeDGZTests;
			sourceTree = "<group>";
		};
		A007EB6F2C7592E300B8DF82 /* MiPersonajeDGZUITests */ = {
			isa = PBXGroup;
			children = (
				A007EB702C7592E300B8DF82 /* MiPersonajeDGZUITests.swift */,
				A007EB722C7592E300B8DF82 /* Info.plist */,
			);
			path = MiPersonajeDGZUITests;
			sourceTree = "<group>";
		};
/* End PBXGroup section */

/* Begin PBXNativeTarget section */
		A007EB4C2C7592E100B8DF82 /* MiPersonajeDGZ */ = {
			isa = PBXNativeTarget;
			buildConfigurationList = A007EB752C7592E300B8DF82 /* Build configuration list for PBXNativeTarget "MiPersonajeDGZ" */;
			buildPhases = (
				A007EB492C7592E100B8DF82 /* Sources */,
				A007EB4A2C7592E100B8DF82 /* Frameworks */,
				A007EB4B2C7592E100B8DF82 /* Resources */,
			);
			buildRules = (
			);
			dependencies = (
			);
			name = MiPersonajeDGZ;
			productName = MiPersonajeDGZ;
			productReference = A007EB4D2C7592E100B8DF82 /* MiPersonajeDGZ.app */;
			productType = "com.apple.product-type.application";
		};
		A007EB602C7592E300B8DF82 /* MiPersonajeDGZTests */ = {
			isa = PBXNativeTarget;
			buildConfigurationList = A007EB782C7592E300B8DF82 /* Build configuration list for PBXNativeTarget "MiPersonajeDGZTests" */;
			buildPhases = (
				A007EB5D2C7592E300B8DF82 /* Sources */,
				A007EB5E2C7592E300B8DF82 /* Frameworks */,
				A007EB5F2C7592E300B8DF82 /* Resources */,
			);
			buildRules = (
			);
			dependencies = (
				A007EB632C7592E300B8DF82 /* PBXTargetDependency */,
			);
			name = MiPersonajeDGZTests;
			productName = MiPersonajeDGZTests;
			productReference = A007EB612C7592E300B8DF82 /* MiPersonajeDGZTests.xctest */;
			productType = "com.apple.product-type.bundle.unit-test";
		};
		A007EB6B2C7592E300B8DF82 /* MiPersonajeDGZUITests */ = {
			isa = PBXNativeTarget;
			buildConfigurationList = A007EB7B2C7592E300B8DF82 /* Build configuration list for PBXNativeTarget "MiPersonajeDGZUITests" */;
			buildPhases = (
				A007EB682C7592E300B8DF82 /* Sources */,
				A007EB692C7592E300B8DF82 /* Frameworks */,
				A007EB6A2C7592E300B8DF82 /* Resources */,
			);
			buildRules = (
			);
			dependencies = (
				A007EB6E2C7592E300B8DF82 /* PBXTargetDependency */,
			);
			name = MiPersonajeDGZUITests;
			productName = MiPersonajeDGZUITests;
			productReference = A007EB6C2C7592E300B8DF82 /* MiPersonajeDGZUITests.xctest */;
			productType = "com.apple.product-type.bundle.ui-testing";
		};
/* End PBXNativeTarget section */

/* Begin PBXProject section */
		A007EB452C7592E100B8DF82 /* Project object */ = {
			isa = PBXProject;
			attributes = {
				LastSwiftUpdateCheck = 1010;
				LastUpgradeCheck = 1010;
				ORGANIZATIONNAME = "Luis Ramon Valencia Aguayo";
				TargetAttributes = {
					A007EB4C2C7592E100B8DF82 = {
						CreatedOnToolsVersion = 10.1;
					};
					A007EB602C7592E300B8DF82 = {
						CreatedOnToolsVersion = 10.1;
						TestTargetID = A007EB4C2C7592E100B8DF82;
					};
					A007EB6B2C7592E300B8DF82 = {
						CreatedOnToolsVersion = 10.1;
						TestTargetID = A007EB4C2C7592E100B8DF82;
					};
				};
			};
			buildConfigurationList = A007EB482C7592E100B8DF82 /* Build configuration list for PBXProject "MiPersonajeDGZ" */;
			compatibilityVersion = "Xcode 9.3";
			developmentRegion = en;
			hasScannedForEncodings = 0;
			knownRegions = (
				en,
				Base,
			);
			mainGroup = A007EB442C7592E100B8DF82;
			productRefGroup = A007EB4E2C7592E100B8DF82 /* Products */;
			projectDirPath = "";
			projectRoot = "";
			targets = (
				A007EB4C2C7592E100B8DF82 /* MiPersonajeDGZ */,
				A007EB602C7592E300B8DF82 /* MiPersonajeDGZTests */,
				A007EB6B2C7592E300B8DF82 /* MiPersonajeDGZUITests */,
			);
		};
/* End PBXProject section */

/* Begin PBXResourcesBuildPhase section */
		A007EB4B2C7592E100B8DF82 /* Resources */ = {
			isa = PBXResourcesBuildPhase;
			buildActionMask = 2147483647;
			files = (
				A007EB5B2C7592E300B8DF82 /* LaunchScreen.storyboard in Resources */,
				A007EB582C7592E300B8DF82 /* Assets.xcassets in Resources */,
				A007EB562C7592E100B8DF82 /* Main.storyboard in Resources */,
			);
			runOnlyForDeploymentPostprocessing = 0;
		};
		A007EB5F2C7592E300B8DF82 /* Resources */ = {
			isa = PBXResourcesBuildPhase;
			buildActionMask = 2147483647;
			files = (
			);
			runOnlyForDeploymentPostprocessing = 0;
		};
		A007EB6A2C7592E300B8DF82 /* Resources */ = {
			isa = PBXResourcesBuildPhase;
			buildActionMask = 2147483647;
			files = (
			);
			runOnlyForDeploymentPostprocessing = 0;
		};
/* End PBXResourcesBuildPhase section */

/* Begin PBXSourcesBuildPhase section */
		A007EB492C7592E100B8DF82 /* Sources */ = {
			isa = PBXSourcesBuildPhase;
			buildActionMask = 2147483647;
			files = (
				A007EB532C7592E100B8DF82 /* ViewController.swift in Sources */,
				A007EB512C7592E100B8DF82 /* AppDelegate.swift in Sources */,
			);
			runOnlyForDeploymentPostprocessing = 0;
		};
		A007EB5D2C7592E300B8DF82 /* Sources */ = {
			isa = PBXSourcesBuildPhase;
			buildActionMask = 2147483647;
			files = (
				A007EB662C7592E300B8DF82 /* MiPersonajeDGZTests.swift in Sources */,
			);
			runOnlyForDeploymentPostprocessing = 0;
		};
		A007EB682C7592E300B8DF82 /* Sources */ = {
			isa = PBXSourcesBuildPhase;
			buildActionMask = 2147483647;
			files = (
				A007EB712C7592E300B8DF82 /* MiPersonajeDGZUITests.swift in Sources */,
			);
			runOnlyForDeploymentPostprocessing = 0;
		};
/* End PBXSourcesBuildPhase section */

/* Begin PBXTargetDependency section */
		A007EB632C7592E300B8DF82 /* PBXTargetDependency */ = {
			isa = PBXTargetDependency;
			target = A007EB4C2C7592E100B8DF82 /* MiPersonajeDGZ */;
			targetProxy = A007EB622C7592E300B8DF82 /* PBXContainerItemProxy */;
		};
		A007EB6E2C7592E300B8DF82 /* PBXTargetDependency */ = {
			isa = PBXTargetDependency;
			target = A007EB4C2C7592E100B8DF82 /* MiPersonajeDGZ */;
			targetProxy = A007EB6D2C7592E300B8DF82 /* PBXContainerItemProxy */;
		};
/* End PBXTargetDependency section */

/* Begin PBXVariantGroup section */
		A007EB542C7592E100B8DF82 /* Main.storyboard */ = {
			isa = PBXVariantGroup;
			children = (
				A007EB552C7592E100B8DF82 /* Base */,
			);
			name = Main.storyboard;
			sourceTree = "<group>";
		};
		A007EB592C7592E300B8DF82 /* LaunchScreen.storyboard */ = {
			isa = PBXVariantGroup;
			children = (
				A007EB5A2C7592E300B8DF82 /* Base */,
			);
			name = LaunchScreen.storyboard;
			sourceTree = "<group>";
		};
/* End PBXVariantGroup section */

/* Begin XCBuildConfiguration section */
		A007EB732C7592E300B8DF82 /* Debug */ = {
			isa = XCBuildConfiguration;
			buildSettings = {
				ALWAYS_SEARCH_USER_PATHS = NO;
				CLANG_ANALYZER_NONNULL = YES;
				CLANG_ANALYZER_NUMBER_OBJECT_CONVERSION = YES_AGGRESSIVE;
				CLANG_CXX_LANGUAGE_STANDARD = "gnu++14";
				CLANG_CXX_LIBRARY = "libc++";
				CLANG_ENABLE_MODULES = YES;
				CLANG_ENABLE_OBJC_ARC = YES;
				CLANG_ENABLE_OBJC_WEAK = YES;
				CLANG_WARN_BLOCK_CAPTURE_AUTORELEASING = YES;
				CLANG_WARN_BOOL_CONVERSION = YES;
				CLANG_WARN_COMMA = YES;
				CLANG_WARN_CONSTANT_CONVERSION = YES;
				CLANG_WARN_DEPRECATED_OBJC_IMPLEMENTATIONS = YES;
				CLANG_WARN_DIRECT_OBJC_ISA_USAGE = YES_ERROR;
				CLANG_WARN_DOCUMENTATION_COMMENTS = YES;
				CLANG_WARN_EMPTY_BODY = YES;
				CLANG_WARN_ENUM_CONVERSION = YES;
				CLANG_WARN_INFINITE_RECURSION = YES;
				CLANG_WARN_INT_CONVERSION = YES;
				CLANG_WARN_NON_LITERAL_NULL_CONVERSION = YES;
				CLANG_WARN_OBJC_IMPLICIT_RETAIN_SELF = YES;
				CLANG_WARN_OBJC_LITERAL_CONVERSION = YES;
				CLANG_WARN_OBJC_ROOT_CLASS = YES_ERROR;
				CLANG_WARN_RANGE_LOOP_ANALYSIS = YES;
				CLANG_WARN_STRICT_PROTOTYPES = YES;
				CLANG_WARN_SUSPICIOUS_MOVE = YES;
				CLANG_WARN_UNGUARDED_AVAILABILITY = YES_AGGRESSIVE;
				CLANG_WARN_UNREACHABLE_CODE = YES;
				CLANG_WARN__DUPLICATE_METHOD_MATCH = YES;
				CODE_SIGN_IDENTITY = "iPhone Developer";
				COPY_PHASE_STRIP = NO;
				DEBUG_INFORMATION_FORMAT = dwarf;
				ENABLE_STRICT_OBJC_MSGSEND = YES;
				ENABLE_TESTABILITY = YES;
				GCC_C_LANGUAGE_STANDARD = gnu11;
				GCC_DYNAMIC_NO_PIC = NO;
				GCC_NO_COMMON_BLOCKS = YES;
				GCC_OPTIMIZATION_LEVEL = 0;
				GCC_PREPROCESSOR_DEFINITIONS = (
					"DEBUG=1",
					"$(inherited)",
				);
				GCC_WARN_64_TO_32_BIT_CONVERSION = YES;
				GCC_WARN_ABOUT_RETURN_TYPE = YES_ERROR;
				GCC_WARN_UNDECLARED_SELECTOR = YES;
				GCC_WARN_UNINITIALIZED_AUTOS = YES_AGGRESSIVE;
				GCC_WARN_UNUSED_FUNCTION = YES;
				GCC_WARN_UNUSED_VARIABLE = YES;
				IPHONEOS_DEPLOYMENT_TARGET = 12.1;
				MTL_ENABLE_DEBUG_INFO = INCLUDE_SOURCE;
				MTL_FAST_MATH = YES;
				ONLY_ACTIVE_ARCH = YES;
				SDKROOT = iphoneos;
				SWIFT_ACTIVE_COMPILATION_CONDITIONS = DEBUG;
				SWIFT_OPTIMIZATION_LEVEL = "-Onone";
			};
			name = Debug;
		};
		A007EB742C7592E300B8DF82 /* Release */ = {
			isa = XCBuildConfiguration;
			buildSettings = {
				ALWAYS_SEARCH_USER_PATHS = NO;
				CLANG_ANALYZER_NONNULL = YES;
				CLANG_ANALYZER_NUMBER_OBJECT_CONVERSION = YES_AGGRESSIVE;
				CLANG_CXX_LANGUAGE_STANDARD = "gnu++14";
				CLANG_CXX_LIBRARY = "libc++";
				CLANG_ENABLE_MODULES = YES;
				CLANG_ENABLE_OBJC_ARC = YES;
				CLANG_ENABLE_OBJC_WEAK = YES;
				CLANG_WARN_BLOCK_CAPTURE_AUTORELEASING = YES;
				CLANG_WARN_BOOL_CONVERSION = YES;
				CLANG_WARN_COMMA = YES;
				CLANG_WARN_CONSTANT_CONVERSION = YES;
				CLANG_WARN_DEPRECATED_OBJC_IMPLEMENTATIONS = YES;
				CLANG_WARN_DIRECT_OBJC_ISA_USAGE = YES_ERROR;
				CLANG_WARN_DOCUMENTATION_COMMENTS = YES;
				CLANG_WARN_EMPTY_BODY = YES;
				CLANG_WARN_ENUM_CONVERSION = YES;
				CLANG_WARN_INFINITE_RECURSION = YES;
				CLANG_WARN_INT_CONVERSION = YES;
				CLANG_WARN_NON_LITERAL_NULL_CONVERSION = YES;
				CLANG_WARN_OBJC_IMPLICIT_RETAIN_SELF = YES;
				CLANG_WARN_OBJC_LITERAL_CONVERSION = YES;
				CLANG_WARN_OBJC_ROOT_CLASS = YES_ERROR;
				CLANG_WARN_RANGE_LOOP_ANALYSIS = YES;
				CLANG_WARN_STRICT_PROTOTYPES = YES;
				CLANG_WARN_SUSPICIOUS_MOVE = YES;
				CLANG_WARN_UNGUARDED_AVAILABILITY = YES_AGGRESSIVE;
				CLANG_WARN_UNREACHABLE_CODE = YES;
				CLANG_WARN__DUPLICATE_METHOD_MATCH = YES;
				CODE_SIGN_IDENTITY = "iPhone Developer";
				COPY_PHASE_STRIP = NO;
				DEBUG_INFORMATION_FORMAT = "dwarf-with-dsym";
				ENABLE_NS_ASSERTIONS = NO;
				ENABLE_STRICT_OBJC_MSGSEND = YES;
				GCC_C_LANGUAGE_STANDARD = gnu11;
				GCC_NO_COMMON_BLOCKS = YES;
				GCC_WARN_64_TO_32_BIT_CONVERSION = YES;
				GCC_WARN_ABOUT_RETURN_TYPE = YES_ERROR;
				GCC_WARN_UNDECLARED_SELECTOR = YES;
				GCC_WARN_UNINITIALIZED_AUTOS = YES_AGGRESSIVE;
				GCC_WARN_UNUSED_FUNCTION = YES;
				GCC_WARN_UNUSED_VARIABLE = YES;
				IPHONEOS_DEPLOYMENT_TARGET = 12.1;
				MTL_ENABLE_DEBUG_INFO = NO;
				MTL_FAST_MATH = YES;
				SDKROOT = iphoneos;
				SWIFT_COMPILATION_MODE = wholemodule;
				SWIFT_OPTIMIZATION_LEVEL = "-O";
				VALIDATE_PRODUCT = YES;
			};
			name = Release;
		};
		A007EB762C7592E300B8DF82 /* Debug */ = {
			isa = XCBuildConfiguration;
			buildSettings = {
				ASSETCATALOG_COMPILER_APPICON_NAME = AppIcon;
				CODE_SIGN_STYLE = Automatic;
				DEVELOPMENT_TEAM = 6VX6W3CH7T;
				INFOPLIST_FILE = MiPersonajeDGZ/Info.plist;
				LD_RUNPATH_SEARCH_PATHS = (
					"$(inherited)",
					"@executable_path/Frameworks",
				);
				PRODUCT_BUNDLE_IDENTIFIER = lrva.MiPersonajeDGZ;
				PRODUCT_NAME = "$(TARGET_NAME)";
				SWIFT_VERSION = 4.2;
				TARGETED_DEVICE_FAMILY = "1,2";
			};
			name = Debug;
		};
		A007EB772C7592E300B8DF82 /* Release */ = {
			isa = XCBuildConfiguration;
			buildSettings = {
				ASSETCATALOG_COMPILER_APPICON_NAME = AppIcon;
				CODE_SIGN_STYLE = Automatic;
				DEVELOPMENT_TEAM = 6VX6W3CH7T;
				INFOPLIST_FILE = MiPersonajeDGZ/Info.plist;
				LD_RUNPATH_SEARCH_PATHS = (
					"$(inherited)",
					"@executable_path/Frameworks",
				);
				PRODUCT_BUNDLE_IDENTIFIER = lrva.MiPersonajeDGZ;
				PRODUCT_NAME = "$(TARGET_NAME)";
				SWIFT_VERSION = 4.2;
				TARGETED_DEVICE_FAMILY = "1,2";
			};
			name = Release;
		};
		A007EB792C7592E300B8DF82 /* Debug */ = {
			isa = XCBuildConfiguration;
			buildSettings = {
				ALWAYS_EMBED_SWIFT_STANDARD_LIBRARIES = YES;
				BUNDLE_LOADER = "$(TEST_HOST)";
				CODE_SIGN_STYLE = Automatic;
				INFOPLIST_FILE = MiPersonajeDGZTests/Info.plist;
				LD_RUNPATH_SEARCH_PATHS = (
					"$(inherited)",
					"@executable_path/Frameworks",
					"@loader_path/Frameworks",
				);
				PRODUCT_BUNDLE_IDENTIFIER = lrva.MiPersonajeDGZTests;
				PRODUCT_NAME = "$(TARGET_NAME)";
				SWIFT_VERSION = 4.2;
				TARGETED_DEVICE_FAMILY = "1,2";
				TEST_HOST = "$(BUILT_PRODUCTS_DIR)/MiPersonajeDGZ.app/MiPersonajeDGZ";
			};
			name = Debug;
		};
		A007EB7A2C7592E300B8DF82 /* Release */ = {
			isa = XCBuildConfiguration;
			buildSettings = {
				ALWAYS_EMBED_SWIFT_STANDARD_LIBRARIES = YES;
				BUNDLE_LOADER = "$(TEST_HOST)";
				CODE_SIGN_STYLE = Automatic;
				INFOPLIST_FILE = MiPersonajeDGZTests/Info.plist;
				LD_RUNPATH_SEARCH_PATHS = (
					"$(inherited)",
					"@executable_path/Frameworks",
					"@loader_path/Frameworks",
				);
				PRODUCT_BUNDLE_IDENTIFIER = lrva.MiPersonajeDGZTests;
				PRODUCT_NAME = "$(TARGET_NAME)";
				SWIFT_VERSION = 4.2;
				TARGETED_DEVICE_FAMILY = "1,2";
				TEST_HOST = "$(BUILT_PRODUCTS_DIR)/MiPersonajeDGZ.app/MiPersonajeDGZ";
			};
			name = Release;
		};
		A007EB7C2C7592E300B8DF82 /* Debug */ = {
			isa = XCBuildConfiguration;
			buildSettings = {
				ALWAYS_EMBED_SWIFT_STANDARD_LIBRARIES = YES;
				CODE_SIGN_STYLE = Automatic;
				INFOPLIST_FILE = MiPersonajeDGZUITests/Info.plist;
				LD_RUNPATH_SEARCH_PATHS = (
					"$(inherited)",
					"@executable_path/Frameworks",
					"@loader_path/Frameworks",
				);
				PRODUCT_BUNDLE_IDENTIFIER = lrva.MiPersonajeDGZUITests;
				PRODUCT_NAME = "$(TARGET_NAME)";
				SWIFT_VERSION = 4.2;
				TARGETED_DEVICE_FAMILY = "1,2";
				TEST_TARGET_NAME = MiPersonajeDGZ;
			};
			name = Debug;
		};
		A007EB7D2C7592E300B8DF82 /* Release */ = {
			isa = XCBuildConfiguration;
			buildSettings = {
				ALWAYS_EMBED_SWIFT_STANDARD_LIBRARIES = YES;
				CODE_SIGN_STYLE = Automatic;
				INFOPLIST_FILE = MiPersonajeDGZUITests/Info.plist;
				LD_RUNPATH_SEARCH_PATHS = (
					"$(inherited)",
					"@executable_path/Frameworks",
					"@loader_path/Frameworks",
				);
				PRODUCT_BUNDLE_IDENTIFIER = lrva.MiPersonajeDGZUITests;
				PRODUCT_NAME = "$(TARGET_NAME)";
				SWIFT_VERSION = 4.2;
				TARGETED_DEVICE_FAMILY = "1,2";
				TEST_TARGET_NAME = MiPersonajeDGZ;
			};
			name = Release;
		};
/* End XCBuildConfiguration section */

/* Begin XCConfigurationList section */
		A007EB482C7592E100B8DF82 /* Build configuration list for PBXProject "MiPersonajeDGZ" */ = {
			isa = XCConfigurationList;
			buildConfigurations = (
				A007EB732C7592E300B8DF82 /* Debug */,
				A007EB742C7592E300B8DF82 /* Release */,
			);
			defaultConfigurationIsVisible = 0;
			defaultConfigurationName = Release;
		};
		A007EB752C7592E300B8DF82 /* Build configuration list for PBXNativeTarget "MiPersonajeDGZ" */ = {
			isa = XCConfigurationList;
			buildConfigurations = (
				A007EB762C7592E300B8DF82 /* Debug */,
				A007EB772C7592E300B8DF82 /* Release */,
			);
			defaultConfigurationIsVisible = 0;
			defaultConfigurationName = Release;
		};
		A007EB782C7592E300B8DF82 /* Build configuration list for PBXNativeTarget "MiPersonajeDGZTests" */ = {
			isa = XCConfigurationList;
			buildConfigurations = (
				A007EB792C7592E300B8DF82 /* Debug */,
				A007EB7A2C7592E300B8DF82 /* Release */,
			);
			defaultConfigurationIsVisible = 0;
			defaultConfigurationName = Release;
		};
		A007EB7B2C7592E300B8DF82 /* Build configuration list for PBXNativeTarget "MiPersonajeDGZUITests" */ = {
			isa = XCConfigurationList;
			buildConfigurations = (
				A007EB7C2C7592E300B8DF82 /* Debug */,
				A007EB7D2C7592E300B8DF82 /* Release */,
			);
			defaultConfigurationIsVisible = 0;
			defaultConfigurationName = Release;
		};
/* End XCConfigurationList section */
	};
	rootObject = A007EB452C7592E100B8DF82 /* Project object */;
}
